lockfileVersion: 5.4

specifiers:
  "@pankod/refine-core": ^3.88.4
  axios: ^1.1.3
  prettier: 2.7.1
  query-string: ^7.1.1
  ts-pattern: ^4.0.6

dependencies:
  axios: 1.1.3
  query-string: 7.1.1
  ts-pattern: 4.0.6

devDependencies:
  "@pankod/refine-core": 3.88.4
  prettier: 2.7.1

packages:
  /@pankod/refine-core/3.88.4:
    resolution:
      {
        integrity: sha512-LKcvjSGYlMC+R33G9hFZ8lYIjNvmaVjBieKao0JQ65IXxj213el/xAwU1DfSR4wJVSRPIkXdwy9bm762zNvTww==,
      }
    peerDependencies:
      "@types/react": ^17.0.0 || ^18.0.0
      "@types/react-dom": ^17.0.0 || ^18.0.0
      react: ^17.0.0 || ^18.0.0
      react-dom: ^17.0.0 || ^18.0.0
    dependencies:
      "@tanstack/react-query": 4.16.1
      "@tanstack/react-query-devtools": 4.16.1_fsy4krnncv4idvr4txy3aqiuqm
      export-to-csv-fix-source-map: 0.2.1
      lodash: 4.17.21
      lodash-es: 4.17.21
      papaparse: 5.3.2
      pluralize: 8.0.0
      qs: 6.11.0
      tslib: 2.4.1
      warn-once: 0.1.1
    transitivePeerDependencies:
      - react-native
    dev: true

  /@tanstack/match-sorter-utils/8.1.1:
    resolution:
      {
        integrity: sha512-IdmEekEYxQsoLOR0XQyw3jD1GujBpRRYaGJYQUw1eOT1eUugWxdc7jomh1VQ1EKHcdwDLpLaCz/8y4KraU4T9A==,
      }
    engines: { node: ">=12" }
    dependencies:
      remove-accents: 0.4.2
    dev: true

  /@tanstack/query-core/4.15.1:
    resolution:
      {
        integrity: sha512-+UfqJsNbPIVo0a9ANW0ZxtjiMfGLaaoIaL9vZeVycvmBuWywJGtSi7fgPVMCPdZQFOzMsaXaOsDtSKQD5xLRVQ==,
      }
    dev: true

  /@tanstack/react-query-devtools/4.16.1_fsy4krnncv4idvr4txy3aqiuqm:
    resolution:
      {
        integrity: sha512-VrDYLmG+OOcvGSZL5avG4R8jhqeMFP7pzW2sh2BWEV9UfI+aocG+CW8y8ygacxuKy48m8Tyo/xfe8H1z9BGb+g==,
      }
    peerDependencies:
      "@tanstack/react-query": 4.16.1
      react: ^16.8.0 || ^17.0.0 || ^18.0.0
      react-dom: ^16.8.0 || ^17.0.0 || ^18.0.0
    dependencies:
      "@tanstack/match-sorter-utils": 8.1.1
      "@tanstack/react-query": 4.16.1
      superjson: 1.11.0
      use-sync-external-store: 1.2.0
    dev: true

  /@tanstack/react-query/4.16.1:
    resolution:
      {
        integrity: sha512-PDE9u49wSDykPazlCoLFevUpceLjQ0Mm8i6038HgtTEKb/aoVnUZdlUP7C392ds3Cd75+EGlHU7qpEX06R7d9Q==,
      }
    peerDependencies:
      react: ^16.8.0 || ^17.0.0 || ^18.0.0
      react-dom: ^16.8.0 || ^17.0.0 || ^18.0.0
      react-native: "*"
    peerDependenciesMeta:
      react-dom:
        optional: true
      react-native:
        optional: true
    dependencies:
      "@tanstack/query-core": 4.15.1
      use-sync-external-store: 1.2.0
    dev: true

  /asynckit/0.4.0:
    resolution:
      {
        integrity: sha512-Oei9OH4tRh0YqU3GxhX79dM/mwVgvbZJaSNaRk+bshkj0S5cfHcgYakreBjrHwatXKbz+IoIdYLxrKim2MjW0Q==,
      }
    dev: false

  /axios/1.1.3:
    resolution:
      {
        integrity: sha512-00tXVRwKx/FZr/IDVFt4C+f9FYairX517WoGCL6dpOntqLkZofjhu43F/Xl44UOpqa+9sLFDrG/XAnFsUYgkDA==,
      }
    dependencies:
      follow-redirects: 1.15.2
      form-data: 4.0.0
      proxy-from-env: 1.1.0
    transitivePeerDependencies:
      - debug
    dev: false

  /call-bind/1.0.2:
    resolution:
      {
        integrity: sha512-7O+FbCihrB5WGbFYesctwmTKae6rOiIzmz1icreWJ+0aA7LJfuqhEso2T9ncpcFtzMQtzXf2QGGueWJGTYsqrA==,
      }
    dependencies:
      function-bind: 1.1.1
      get-intrinsic: 1.1.3
    dev: true

  /combined-stream/1.0.8:
    resolution:
      {
        integrity: sha512-FQN4MRfuJeHf7cBbBMJFXhKSDq+2kAArBlmRBvcvFE5BB1HZKXtSFASDhdlz9zOYwxh8lDdnvmMOe/+5cdoEdg==,
      }
    engines: { node: ">= 0.8" }
    dependencies:
      delayed-stream: 1.0.0
    dev: false

  /copy-anything/3.0.2:
    resolution:
      {
        integrity: sha512-CzATjGXzUQ0EvuvgOCI6A4BGOo2bcVx8B+eC2nF862iv9fopnPQwlrbACakNCHRIJbCSBj+J/9JeDf60k64MkA==,
      }
    engines: { node: ">=12.13" }
    dependencies:
      is-what: 4.1.7
    dev: true

  /decode-uri-component/0.2.0:
    resolution:
      {
        integrity: sha512-hjf+xovcEn31w/EUYdTXQh/8smFL/dzYjohQGEIgjyNavaJfBY2p5F527Bo1VPATxv0VYTUC2bOcXvqFwk78Og==,
      }
    engines: { node: ">=0.10" }
    dev: false

  /delayed-stream/1.0.0:
    resolution:
      {
        integrity: sha512-ZySD7Nf91aLB0RxL4KGrKHBXl7Eds1DAmEdcoVawXnLD7SDhpNgtuII2aAkg7a7QS41jxPSZ17p4VdGnMHk3MQ==,
      }
    engines: { node: ">=0.4.0" }
    dev: false

  /export-to-csv-fix-source-map/0.2.1:
    resolution:
      {
        integrity: sha512-02CGZG9Kduc0l9ErJ5b+99+PjeQIyoeVGz+f7/Yc04V4YKNPbdT63sQqBC5RW05va4w0MZen7pQpf92H3funYw==,
      }
    dev: true

  /filter-obj/1.1.0:
    resolution:
      {
        integrity: sha512-8rXg1ZnX7xzy2NGDVkBVaAy+lSlPNwad13BtgSlLuxfIslyt5Vg64U7tFcCt4WS1R0hvtnQybT/IyCkGZ3DpXQ==,
      }
    engines: { node: ">=0.10.0" }
    dev: false

  /follow-redirects/1.15.2:
    resolution:
      {
        integrity: sha512-VQLG33o04KaQ8uYi2tVNbdrWp1QWxNNea+nmIB4EVM28v0hmP17z7aG1+wAkNzVq4KeXTq3221ye5qTJP91JwA==,
      }
    engines: { node: ">=4.0" }
    peerDependencies:
      debug: "*"
    peerDependenciesMeta:
      debug:
        optional: true
    dev: false

  /form-data/4.0.0:
    resolution:
      {
        integrity: sha512-ETEklSGi5t0QMZuiXoA/Q6vcnxcLQP5vdugSpuAyi6SVGi2clPPp+xgEhuMaHC+zGgn31Kd235W35f7Hykkaww==,
      }
    engines: { node: ">= 6" }
    dependencies:
      asynckit: 0.4.0
      combined-stream: 1.0.8
      mime-types: 2.1.35
    dev: false

  /function-bind/1.1.1:
    resolution:
      {
        integrity: sha512-yIovAzMX49sF8Yl58fSCWJ5svSLuaibPxXQJFLmBObTuCr0Mf1KiPopGM9NiFjiYBCbfaa2Fh6breQ6ANVTI0A==,
      }
    dev: true

  /get-intrinsic/1.1.3:
    resolution:
      {
        integrity: sha512-QJVz1Tj7MS099PevUG5jvnt9tSkXN8K14dxQlikJuPt4uD9hHAHjLyLBiLR5zELelBdD9QNRAXZzsJx0WaDL9A==,
      }
    dependencies:
      function-bind: 1.1.1
      has: 1.0.3
      has-symbols: 1.0.3
    dev: true

  /has-symbols/1.0.3:
    resolution:
      {
        integrity: sha512-l3LCuF6MgDNwTDKkdYGEihYjt5pRPbEg46rtlmnSPlUbgmB8LOIrKJbYYFBSbnPaJexMKtiPO8hmeRjRz2Td+A==,
      }
    engines: { node: ">= 0.4" }
    dev: true

  /has/1.0.3:
    resolution:
      {
        integrity: sha512-f2dvO0VU6Oej7RkWJGrehjbzMAjFp5/VKPp5tTpWIV4JHHZK1/BxbFRtf/siA2SWTe09caDmVtYYzWEIbBS4zw==,
      }
    engines: { node: ">= 0.4.0" }
    dependencies:
      function-bind: 1.1.1
    dev: true

  /is-what/4.1.7:
    resolution:
      {
        integrity: sha512-DBVOQNiPKnGMxRMLIYSwERAS5MVY1B7xYiGnpgctsOFvVDz9f9PFXXxMcTOHuoqYp4NK9qFYQaIC1NRRxLMpBQ==,
      }
    engines: { node: ">=12.13" }
    dev: true

  /lodash-es/4.17.21:
    resolution:
      {
        integrity: sha512-mKnC+QJ9pWVzv+C4/U3rRsHapFfHvQFoFB92e52xeyGMcX6/OlIl78je1u8vePzYZSkkogMPJ2yjxxsb89cxyw==,
      }
    dev: true

  /lodash/4.17.21:
    resolution:
      {
        integrity: sha512-v2kDEe57lecTulaDIuNTPy3Ry4gLGJ6Z1O3vE1krgXZNrsQ+LFTGHVxVjcXPs17LhbZVGedAJv8XZ1tvj5FvSg==,
      }
    dev: true

  /mime-db/1.52.0:
    resolution:
      {
        integrity: sha512-sPU4uV7dYlvtWJxwwxHD0PuihVNiE7TyAbQ5SWxDCB9mUYvOgroQOwYQQOKPJ8CIbE+1ETVlOoK1UC2nU3gYvg==,
      }
    engines: { node: ">= 0.6" }
    dev: false

  /mime-types/2.1.35:
    resolution:
      {
        integrity: sha512-ZDY+bPm5zTTF+YpCrAU9nK0UgICYPT0QtT1NZWFv4s++TNkcgVaT0g6+4R2uI4MjQjzysHB1zxuWL50hzaeXiw==,
      }
    engines: { node: ">= 0.6" }
    dependencies:
      mime-db: 1.52.0
    dev: false

  /object-inspect/1.12.2:
    resolution:
      {
        integrity: sha512-z+cPxW0QGUp0mcqcsgQyLVRDoXFQbXOwBaqyF7VIgI4TWNQsDHrBpUQslRmIfAoYWdYzs6UlKJtB2XJpTaNSpQ==,
      }
    dev: true

  /papaparse/5.3.2:
    resolution:
      {
        integrity: sha512-6dNZu0Ki+gyV0eBsFKJhYr+MdQYAzFUGlBMNj3GNrmHxmz1lfRa24CjFObPXtjcetlOv5Ad299MhIK0znp3afw==,
      }
    dev: true

  /pluralize/8.0.0:
    resolution:
      {
        integrity: sha512-Nc3IT5yHzflTfbjgqWcCPpo7DaKy4FnpB0l/zCAW0Tc7jxAiuqSxHasntB3D7887LSrA93kDJ9IXovxJYxyLCA==,
      }
    engines: { node: ">=4" }
    dev: true

  /prettier/2.7.1:
    resolution:
      {
        integrity: sha512-ujppO+MkdPqoVINuDFDRLClm7D78qbDt0/NR+wp5FqEZOoTNAjPHWj17QRhu7geIHJfcNhRk1XVQmF8Bp3ye+g==,
      }
    engines: { node: ">=10.13.0" }
    hasBin: true
    dev: true

  /proxy-from-env/1.1.0:
    resolution:
      {
        integrity: sha512-D+zkORCbA9f1tdWRK0RaCR3GPv50cMxcrz4X8k5LTSUD1Dkw47mKJEZQNunItRTkWwgtaUSo1RVFRIG9ZXiFYg==,
      }
    dev: false

  /qs/6.11.0:
    resolution:
      {
        integrity: sha512-MvjoMCJwEarSbUYk5O+nmoSzSutSsTwF85zcHPQ9OrlFoZOYIjaqBAJIqIXjptyD5vThxGq52Xu/MaJzRkIk4Q==,
      }
    engines: { node: ">=0.6" }
    dependencies:
      side-channel: 1.0.4
    dev: true

  /query-string/7.1.1:
    resolution:
      {
        integrity: sha512-MplouLRDHBZSG9z7fpuAAcI7aAYjDLhtsiVZsevsfaHWDS2IDdORKbSd1kWUA+V4zyva/HZoSfpwnYMMQDhb0w==,
      }
    engines: { node: ">=6" }
    dependencies:
      decode-uri-component: 0.2.0
      filter-obj: 1.1.0
      split-on-first: 1.1.0
      strict-uri-encode: 2.0.0
    dev: false

  /remove-accents/0.4.2:
    resolution:
      {
        integrity: sha512-7pXIJqJOq5tFgG1A2Zxti3Ht8jJF337m4sowbuHsW30ZnkQFnDzy9qBNhgzX8ZLW4+UBcXiiR7SwR6pokHsxiA==,
      }
    dev: true

  /side-channel/1.0.4:
    resolution:
      {
        integrity: sha512-q5XPytqFEIKHkGdiMIrY10mvLRvnQh42/+GoBlFW3b2LXLE2xxJpZFdm94we0BaoV3RwJyGqg5wS7epxTv0Zvw==,
      }
    dependencies:
      call-bind: 1.0.2
      get-intrinsic: 1.1.3
      object-inspect: 1.12.2
    dev: true

  /split-on-first/1.1.0:
    resolution:
      {
        integrity: sha512-43ZssAJaMusuKWL8sKUBQXHWOpq8d6CfN/u1p4gUzfJkM05C8rxTmYrkIPTXapZpORA6LkkzcUulJ8FqA7Uudw==,
      }
    engines: { node: ">=6" }
    dev: false

  /strict-uri-encode/2.0.0:
    resolution:
      {
        integrity: sha512-QwiXZgpRcKkhTj2Scnn++4PKtWsH0kpzZ62L2R6c/LUVYv7hVnZqcg2+sMuT6R7Jusu1vviK/MFsu6kNJfWlEQ==,
      }
    engines: { node: ">=4" }
    dev: false

  /superjson/1.11.0:
    resolution:
      {
        integrity: sha512-6PfAg1FKhqkwWvPb2uXhH4MkMttdc17eJ91+Aoz4s1XUEDZFmLfFx/xVA3wgkPxAGy5dpozgGdK6V/n20Wj9yg==,
      }
    engines: { node: ">=10" }
    dependencies:
      copy-anything: 3.0.2
    dev: true

  /ts-pattern/4.0.6:
    resolution:
      {
        integrity: sha512-sFHQYD4KoysBi7e7a2mzDPvRBeqA4w+vEyRE+P5MU9VLq8eEYxgKCgD9RNEAT+itGRWUTYN+hry94GDPLb1/Yw==,
      }
    dev: false

  /tslib/2.4.1:
    resolution:
      {
        integrity: sha512-tGyy4dAjRIEwI7BzsB0lynWgOpfqjUdq91XXAlIWD2OwKBH7oCl/GZG/HT4BOHrTlPMOASlMQ7veyTqpmRcrNA==,
      }
    dev: true

  /use-sync-external-store/1.2.0:
    resolution:
      {
        integrity: sha512-eEgnFxGQ1Ife9bzYs6VLi8/4X6CObHMw9Qr9tPY43iKwsPw8xE8+EFsf/2cFZ5S3esXgpWgtSCtLNS41F+sKPA==,
      }
    peerDependencies:
      react: ^16.8.0 || ^17.0.0 || ^18.0.0
    dev: true

  /warn-once/0.1.1:
    resolution:
      {
        integrity: sha512-VkQZJbO8zVImzYFteBXvBOZEl1qL175WH8VmZcxF2fZAoudNhNDvHi+doCaAEdU2l2vtcIwa2zn0QK5+I1HQ3Q==,
      }
    dev: true
